// !$*UTF8*$!
{
	archiveVersion = 1;
	classes = {
	};
	objectVersion = 56;
	objects = {

/* Begin PBXBuildFile section */
		09330C6A2B75EA550024EF80 /* ProfileImageSettingView.swift in Sources */ = {isa = PBXBuildFile; fileRef = 09330C692B75EA550024EF80 /* ProfileImageSettingView.swift */; };
		09330C6C2B75EA5D0024EF80 /* ProfileImageSettingViewController.swift in Sources */ = {isa = PBXBuildFile; fileRef = 09330C6B2B75EA5D0024EF80 /* ProfileImageSettingViewController.swift */; };
		09330C742B75EEA60024EF80 /* ImageModel.swift in Sources */ = {isa = PBXBuildFile; fileRef = 09330C732B75EEA60024EF80 /* ImageModel.swift */; };
		09330C762B75EF020024EF80 /* ImageSessionManager.swift in Sources */ = {isa = PBXBuildFile; fileRef = 09330C752B75EF020024EF80 /* ImageSessionManager.swift */; };
		09330C782B75F3B40024EF80 /* BasicLabel.swift in Sources */ = {isa = PBXBuildFile; fileRef = 09330C772B75F3B40024EF80 /* BasicLabel.swift */; };
		09330C7D2B7601FB0024EF80 /* ImageAPIManager.swift in Sources */ = {isa = PBXBuildFile; fileRef = 09330C7C2B7601FB0024EF80 /* ImageAPIManager.swift */; };
		096C72172B765599002CA882 /* ProfileImageView.swift in Sources */ = {isa = PBXBuildFile; fileRef = 096C72162B765599002CA882 /* ProfileImageView.swift */; };
		09DA23722B68DBB60092F537 /* AppDelegate.swift in Sources */ = {isa = PBXBuildFile; fileRef = 09DA23712B68DBB60092F537 /* AppDelegate.swift */; };
		09DA23742B68DBB60092F537 /* SceneDelegate.swift in Sources */ = {isa = PBXBuildFile; fileRef = 09DA23732B68DBB60092F537 /* SceneDelegate.swift */; };
		09DA23762B68DBB60092F537 /* ViewController.swift in Sources */ = {isa = PBXBuildFile; fileRef = 09DA23752B68DBB60092F537 /* ViewController.swift */; };
		09DA23792B68DBB60092F537 /* Main.storyboard in Resources */ = {isa = PBXBuildFile; fileRef = 09DA23772B68DBB60092F537 /* Main.storyboard */; };
		09DA237B2B68DBB70092F537 /* Assets.xcassets in Resources */ = {isa = PBXBuildFile; fileRef = 09DA237A2B68DBB70092F537 /* Assets.xcassets */; };
		09DA237E2B68DBB70092F537 /* LaunchScreen.storyboard in Resources */ = {isa = PBXBuildFile; fileRef = 09DA237C2B68DBB70092F537 /* LaunchScreen.storyboard */; };
		09DA23872B68DC120092F537 /* HomeViewController.swift in Sources */ = {isa = PBXBuildFile; fileRef = 09DA23862B68DC120092F537 /* HomeViewController.swift */; };
		09DA238A2B68DC8E0092F537 /* Kingfisher in Frameworks */ = {isa = PBXBuildFile; productRef = 09DA23892B68DC8E0092F537 /* Kingfisher */; };
		09DA238D2B68DC940092F537 /* Alamofire in Frameworks */ = {isa = PBXBuildFile; productRef = 09DA238C2B68DC940092F537 /* Alamofire */; };
		09DA23902B68DC9A0092F537 /* SnapKit in Frameworks */ = {isa = PBXBuildFile; productRef = 09DA238F2B68DC9A0092F537 /* SnapKit */; };
		09DA23922B68DC9A0092F537 /* SnapKit-Dynamic in Frameworks */ = {isa = PBXBuildFile; productRef = 09DA23912B68DC9A0092F537 /* SnapKit-Dynamic */; };
		09DA23942B68DD660092F537 /* BasicTableViewCell.swift in Sources */ = {isa = PBXBuildFile; fileRef = 09DA23932B68DD660092F537 /* BasicTableViewCell.swift */; };
		09DA23962B68E02C0092F537 /* BasicCollectionViewCell.swift in Sources */ = {isa = PBXBuildFile; fileRef = 09DA23952B68E02C0092F537 /* BasicCollectionViewCell.swift */; };
		09DA23992B68E1720092F537 /* .gitignore in Resources */ = {isa = PBXBuildFile; fileRef = 09DA23982B68E1720092F537 /* .gitignore */; };
		09DA239B2B68E1AC0092F537 /* APIKey.swift in Sources */ = {isa = PBXBuildFile; fileRef = 09DA239A2B68E1AC0092F537 /* APIKey.swift */; };
		09DA239F2B68E3AE0092F537 /* TVAPIManager.swift in Sources */ = {isa = PBXBuildFile; fileRef = 09DA239E2B68E3AE0092F537 /* TVAPIManager.swift */; };
		09DA23A52B68EDDB0092F537 /* TVModel.swift in Sources */ = {isa = PBXBuildFile; fileRef = 09DA23A42B68EDDB0092F537 /* TVModel.swift */; };
		09DA23AB2B69557B0092F537 /* MainTableViewCell.swift in Sources */ = {isa = PBXBuildFile; fileRef = 09DA23AA2B69557B0092F537 /* MainTableViewCell.swift */; };
		09DA23B92B6A16DC0092F537 /* DetailViewController.swift in Sources */ = {isa = PBXBuildFile; fileRef = 09DA23B82B6A16DC0092F537 /* DetailViewController.swift */; };
		09DA23BC2B6A16F00092F537 /* BaseViewController.swift in Sources */ = {isa = PBXBuildFile; fileRef = 09DA23BB2B6A16F00092F537 /* BaseViewController.swift */; };
		09DA23BE2B6A19A90092F537 /* MainInfoTableViewCell.swift in Sources */ = {isa = PBXBuildFile; fileRef = 09DA23BD2B6A19A90092F537 /* MainInfoTableViewCell.swift */; };
		09DA23C02B6A19B30092F537 /* SubInfoTableViewCell.swift in Sources */ = {isa = PBXBuildFile; fileRef = 09DA23BF2B6A19B30092F537 /* SubInfoTableViewCell.swift */; };
		09DA23C42B6A1BE00092F537 /* BaseTableViewCell.swift in Sources */ = {isa = PBXBuildFile; fileRef = 09DA23C32B6A1BE00092F537 /* BaseTableViewCell.swift */; };
		09DA23C72B6A1D920092F537 /* UIButton.Configuration+Extension.swift in Sources */ = {isa = PBXBuildFile; fileRef = 09DA23C62B6A1D920092F537 /* UIButton.Configuration+Extension.swift */; };
		09DA23CC2B6A3C3A0092F537 /* SeriesDetailsModel.swift in Sources */ = {isa = PBXBuildFile; fileRef = 09DA23CB2B6A3C3A0092F537 /* SeriesDetailsModel.swift */; };
		09DA23CE2B6A3EE20092F537 /* AggregateCreditsModel.swift in Sources */ = {isa = PBXBuildFile; fileRef = 09DA23CD2B6A3EE20092F537 /* AggregateCreditsModel.swift */; };
		09DA23D02B6A61060092F537 /* BaseCollectionViewCell.swift in Sources */ = {isa = PBXBuildFile; fileRef = 09DA23CF2B6A61060092F537 /* BaseCollectionViewCell.swift */; };
		09DA23D22B6A61510092F537 /* PosterImageView.swift in Sources */ = {isa = PBXBuildFile; fileRef = 09DA23D12B6A61510092F537 /* PosterImageView.swift */; };
		09DA23D52B6A62450092F537 /* FontStyle.swift in Sources */ = {isa = PBXBuildFile; fileRef = 09DA23D42B6A62450092F537 /* FontStyle.swift */; };
		09DA23D72B6A63710092F537 /* ColorStyle.swift in Sources */ = {isa = PBXBuildFile; fileRef = 09DA23D62B6A63710092F537 /* ColorStyle.swift */; };
		09DA23E72B6A6BEC0092F537 /* UIView+Extension.swift in Sources */ = {isa = PBXBuildFile; fileRef = 09DA23E62B6A6BEC0092F537 /* UIView+Extension.swift */; };
		09DA23EF2B6B397E0092F537 /* BaseView.swift in Sources */ = {isa = PBXBuildFile; fileRef = 09DA23EE2B6B397E0092F537 /* BaseView.swift */; };
		09DA23F12B6B57A10092F537 /* HomeView.swift in Sources */ = {isa = PBXBuildFile; fileRef = 09DA23F02B6B57A10092F537 /* HomeView.swift */; };
		09DA23F32B6B57B60092F537 /* DetailView.swift in Sources */ = {isa = PBXBuildFile; fileRef = 09DA23F22B6B57B60092F537 /* DetailView.swift */; };
		09DA23F72B6B68590092F537 /* TVAPI.swift in Sources */ = {isa = PBXBuildFile; fileRef = 09DA23F62B6B68590092F537 /* TVAPI.swift */; };
		09DA23FA2B6BC5170092F537 /* MainCollectionViewCell.swift in Sources */ = {isa = PBXBuildFile; fileRef = 09DA23F92B6BC5170092F537 /* MainCollectionViewCell.swift */; };
		09DA23FC2B6BD6B20092F537 /* TopCollectionViewCell.swift in Sources */ = {isa = PBXBuildFile; fileRef = 09DA23FB2B6BD6B20092F537 /* TopCollectionViewCell.swift */; };
		09DA23FE2B6BDBE00092F537 /* TopTableViewCell.swift in Sources */ = {isa = PBXBuildFile; fileRef = 09DA23FD2B6BDBE00092F537 /* TopTableViewCell.swift */; };
		09DA24092B6F9D950092F537 /* SearchView.swift in Sources */ = {isa = PBXBuildFile; fileRef = 09DA24082B6F9D950092F537 /* SearchView.swift */; };
		09DA240B2B6F9DA50092F537 /* SearchViewController.swift in Sources */ = {isa = PBXBuildFile; fileRef = 09DA240A2B6F9DA50092F537 /* SearchViewController.swift */; };
		09DA24112B71E3BE0092F537 /* TVSessionManager.swift in Sources */ = {isa = PBXBuildFile; fileRef = 09DA24102B71E3BE0092F537 /* TVSessionManager.swift */; };
		09DA24E52B737D650092F537 /* ProfileView.swift in Sources */ = {isa = PBXBuildFile; fileRef = 09DA24E42B737D650092F537 /* ProfileView.swift */; };
		09DA24E72B737D730092F537 /* ProfileViewController.swift in Sources */ = {isa = PBXBuildFile; fileRef = 09DA24E62B737D730092F537 /* ProfileViewController.swift */; };
		09DA24E92B7382210092F537 /* ProfileImageTableViewCell.swift in Sources */ = {isa = PBXBuildFile; fileRef = 09DA24E82B7382210092F537 /* ProfileImageTableViewCell.swift */; };
		09DA24EB2B73822B0092F537 /* ProfileInfoTableViewCell.swift in Sources */ = {isa = PBXBuildFile; fileRef = 09DA24EA2B73822B0092F537 /* ProfileInfoTableViewCell.swift */; };
		09DA24ED2B73AD240092F537 /* UILabel+Extension.swift in Sources */ = {isa = PBXBuildFile; fileRef = 09DA24EC2B73AD240092F537 /* UILabel+Extension.swift */; };
		09DA24EF2B73B3DB0092F537 /* NameSettingViewController.swift in Sources */ = {isa = PBXBuildFile; fileRef = 09DA24EE2B73B3DB0092F537 /* NameSettingViewController.swift */; };
		09DA24F12B73B3F00092F537 /* NameSettingView.swift in Sources */ = {isa = PBXBuildFile; fileRef = 09DA24F02B73B3F00092F537 /* NameSettingView.swift */; };
		09DA24F32B73B98D0092F537 /* UITextField+Extension.swift in Sources */ = {isa = PBXBuildFile; fileRef = 09DA24F22B73B98D0092F537 /* UITextField+Extension.swift */; };
		09DA24FB2B73D09B0092F537 /* UserDefaultsManager.swift in Sources */ = {isa = PBXBuildFile; fileRef = 09DA24FA2B73D09B0092F537 /* UserDefaultsManager.swift */; };
/* End PBXBuildFile section */

/* Begin PBXFileReference section */
		09330C692B75EA550024EF80 /* ProfileImageSettingView.swift */ = {isa = PBXFileReference; lastKnownFileType = sourcecode.swift; path = ProfileImageSettingView.swift; sourceTree = "<group>"; };
		09330C6B2B75EA5D0024EF80 /* ProfileImageSettingViewController.swift */ = {isa = PBXFileReference; lastKnownFileType = sourcecode.swift; path = ProfileImageSettingViewController.swift; sourceTree = "<group>"; };
		09330C732B75EEA60024EF80 /* ImageModel.swift */ = {isa = PBXFileReference; lastKnownFileType = sourcecode.swift; path = ImageModel.swift; sourceTree = "<group>"; };
		09330C752B75EF020024EF80 /* ImageSessionManager.swift */ = {isa = PBXFileReference; lastKnownFileType = sourcecode.swift; path = ImageSessionManager.swift; sourceTree = "<group>"; };
		09330C772B75F3B40024EF80 /* BasicLabel.swift */ = {isa = PBXFileReference; lastKnownFileType = sourcecode.swift; path = BasicLabel.swift; sourceTree = "<group>"; };
		09330C7C2B7601FB0024EF80 /* ImageAPIManager.swift */ = {isa = PBXFileReference; lastKnownFileType = sourcecode.swift; path = ImageAPIManager.swift; sourceTree = "<group>"; };
		096C72162B765599002CA882 /* ProfileImageView.swift */ = {isa = PBXFileReference; lastKnownFileType = sourcecode.swift; path = ProfileImageView.swift; sourceTree = "<group>"; };
		09DA236E2B68DBB60092F537 /* AssignmentMedia.app */ = {isa = PBXFileReference; explicitFileType = wrapper.application; includeInIndex = 0; path = AssignmentMedia.app; sourceTree = BUILT_PRODUCTS_DIR; };
		09DA23712B68DBB60092F537 /* AppDelegate.swift */ = {isa = PBXFileReference; lastKnownFileType = sourcecode.swift; path = AppDelegate.swift; sourceTree = "<group>"; };
		09DA23732B68DBB60092F537 /* SceneDelegate.swift */ = {isa = PBXFileReference; lastKnownFileType = sourcecode.swift; path = SceneDelegate.swift; sourceTree = "<group>"; };
		09DA23752B68DBB60092F537 /* ViewController.swift */ = {isa = PBXFileReference; lastKnownFileType = sourcecode.swift; path = ViewController.swift; sourceTree = "<group>"; };
		09DA23782B68DBB60092F537 /* Base */ = {isa = PBXFileReference; lastKnownFileType = file.storyboard; name = Base; path = Base.lproj/Main.storyboard; sourceTree = "<group>"; };
		09DA237A2B68DBB70092F537 /* Assets.xcassets */ = {isa = PBXFileReference; lastKnownFileType = folder.assetcatalog; path = Assets.xcassets; sourceTree = "<group>"; };
		09DA237D2B68DBB70092F537 /* Base */ = {isa = PBXFileReference; lastKnownFileType = file.storyboard; name = Base; path = Base.lproj/LaunchScreen.storyboard; sourceTree = "<group>"; };
		09DA237F2B68DBB70092F537 /* Info.plist */ = {isa = PBXFileReference; lastKnownFileType = text.plist.xml; path = Info.plist; sourceTree = "<group>"; };
		09DA23862B68DC120092F537 /* HomeViewController.swift */ = {isa = PBXFileReference; lastKnownFileType = sourcecode.swift; path = HomeViewController.swift; sourceTree = "<group>"; };
		09DA23932B68DD660092F537 /* BasicTableViewCell.swift */ = {isa = PBXFileReference; lastKnownFileType = sourcecode.swift; path = BasicTableViewCell.swift; sourceTree = "<group>"; };
		09DA23952B68E02C0092F537 /* BasicCollectionViewCell.swift */ = {isa = PBXFileReference; lastKnownFileType = sourcecode.swift; path = BasicCollectionViewCell.swift; sourceTree = "<group>"; };
		09DA23982B68E1720092F537 /* .gitignore */ = {isa = PBXFileReference; lastKnownFileType = text; path = .gitignore; sourceTree = "<group>"; };
		09DA239A2B68E1AC0092F537 /* APIKey.swift */ = {isa = PBXFileReference; lastKnownFileType = sourcecode.swift; path = APIKey.swift; sourceTree = "<group>"; };
		09DA239E2B68E3AE0092F537 /* TVAPIManager.swift */ = {isa = PBXFileReference; lastKnownFileType = sourcecode.swift; path = TVAPIManager.swift; sourceTree = "<group>"; };
		09DA23A42B68EDDB0092F537 /* TVModel.swift */ = {isa = PBXFileReference; lastKnownFileType = sourcecode.swift; path = TVModel.swift; sourceTree = "<group>"; };
		09DA23AA2B69557B0092F537 /* MainTableViewCell.swift */ = {isa = PBXFileReference; lastKnownFileType = sourcecode.swift; path = MainTableViewCell.swift; sourceTree = "<group>"; };
		09DA23B82B6A16DC0092F537 /* DetailViewController.swift */ = {isa = PBXFileReference; lastKnownFileType = sourcecode.swift; path = DetailViewController.swift; sourceTree = "<group>"; };
		09DA23BB2B6A16F00092F537 /* BaseViewController.swift */ = {isa = PBXFileReference; lastKnownFileType = sourcecode.swift; path = BaseViewController.swift; sourceTree = "<group>"; };
		09DA23BD2B6A19A90092F537 /* MainInfoTableViewCell.swift */ = {isa = PBXFileReference; lastKnownFileType = sourcecode.swift; path = MainInfoTableViewCell.swift; sourceTree = "<group>"; };
		09DA23BF2B6A19B30092F537 /* SubInfoTableViewCell.swift */ = {isa = PBXFileReference; lastKnownFileType = sourcecode.swift; path = SubInfoTableViewCell.swift; sourceTree = "<group>"; };
		09DA23C32B6A1BE00092F537 /* BaseTableViewCell.swift */ = {isa = PBXFileReference; lastKnownFileType = sourcecode.swift; path = BaseTableViewCell.swift; sourceTree = "<group>"; };
		09DA23C62B6A1D920092F537 /* UIButton.Configuration+Extension.swift */ = {isa = PBXFileReference; lastKnownFileType = sourcecode.swift; path = "UIButton.Configuration+Extension.swift"; sourceTree = "<group>"; };
		09DA23CB2B6A3C3A0092F537 /* SeriesDetailsModel.swift */ = {isa = PBXFileReference; lastKnownFileType = sourcecode.swift; path = SeriesDetailsModel.swift; sourceTree = "<group>"; };
		09DA23CD2B6A3EE20092F537 /* AggregateCreditsModel.swift */ = {isa = PBXFileReference; lastKnownFileType = sourcecode.swift; path = AggregateCreditsModel.swift; sourceTree = "<group>"; };
		09DA23CF2B6A61060092F537 /* BaseCollectionViewCell.swift */ = {isa = PBXFileReference; lastKnownFileType = sourcecode.swift; path = BaseCollectionViewCell.swift; sourceTree = "<group>"; };
		09DA23D12B6A61510092F537 /* PosterImageView.swift */ = {isa = PBXFileReference; lastKnownFileType = sourcecode.swift; path = PosterImageView.swift; sourceTree = "<group>"; };
		09DA23D42B6A62450092F537 /* FontStyle.swift */ = {isa = PBXFileReference; lastKnownFileType = sourcecode.swift; path = FontStyle.swift; sourceTree = "<group>"; };
		09DA23D62B6A63710092F537 /* ColorStyle.swift */ = {isa = PBXFileReference; lastKnownFileType = sourcecode.swift; path = ColorStyle.swift; sourceTree = "<group>"; };
		09DA23E62B6A6BEC0092F537 /* UIView+Extension.swift */ = {isa = PBXFileReference; lastKnownFileType = sourcecode.swift; path = "UIView+Extension.swift"; sourceTree = "<group>"; };
		09DA23EE2B6B397E0092F537 /* BaseView.swift */ = {isa = PBXFileReference; lastKnownFileType = sourcecode.swift; path = BaseView.swift; sourceTree = "<group>"; };
		09DA23F02B6B57A10092F537 /* HomeView.swift */ = {isa = PBXFileReference; lastKnownFileType = sourcecode.swift; path = HomeView.swift; sourceTree = "<group>"; };
		09DA23F22B6B57B60092F537 /* DetailView.swift */ = {isa = PBXFileReference; lastKnownFileType = sourcecode.swift; path = DetailView.swift; sourceTree = "<group>"; };
		09DA23F62B6B68590092F537 /* TVAPI.swift */ = {isa = PBXFileReference; lastKnownFileType = sourcecode.swift; path = TVAPI.swift; sourceTree = "<group>"; };
		09DA23F92B6BC5170092F537 /* MainCollectionViewCell.swift */ = {isa = PBXFileReference; lastKnownFileType = sourcecode.swift; path = MainCollectionViewCell.swift; sourceTree = "<group>"; };
		09DA23FB2B6BD6B20092F537 /* TopCollectionViewCell.swift */ = {isa = PBXFileReference; lastKnownFileType = sourcecode.swift; path = TopCollectionViewCell.swift; sourceTree = "<group>"; };
		09DA23FD2B6BDBE00092F537 /* TopTableViewCell.swift */ = {isa = PBXFileReference; lastKnownFileType = sourcecode.swift; path = TopTableViewCell.swift; sourceTree = "<group>"; };
		09DA24082B6F9D950092F537 /* SearchView.swift */ = {isa = PBXFileReference; lastKnownFileType = sourcecode.swift; path = SearchView.swift; sourceTree = "<group>"; };
		09DA240A2B6F9DA50092F537 /* SearchViewController.swift */ = {isa = PBXFileReference; lastKnownFileType = sourcecode.swift; path = SearchViewController.swift; sourceTree = "<group>"; };
		09DA24102B71E3BE0092F537 /* TVSessionManager.swift */ = {isa = PBXFileReference; lastKnownFileType = sourcecode.swift; path = TVSessionManager.swift; sourceTree = "<group>"; };
		09DA24E42B737D650092F537 /* ProfileView.swift */ = {isa = PBXFileReference; lastKnownFileType = sourcecode.swift; path = ProfileView.swift; sourceTree = "<group>"; };
		09DA24E62B737D730092F537 /* ProfileViewController.swift */ = {isa = PBXFileReference; lastKnownFileType = sourcecode.swift; path = ProfileViewController.swift; sourceTree = "<group>"; };
		09DA24E82B7382210092F537 /* ProfileImageTableViewCell.swift */ = {isa = PBXFileReference; lastKnownFileType = sourcecode.swift; path = ProfileImageTableViewCell.swift; sourceTree = "<group>"; };
		09DA24EA2B73822B0092F537 /* ProfileInfoTableViewCell.swift */ = {isa = PBXFileReference; lastKnownFileType = sourcecode.swift; path = ProfileInfoTableViewCell.swift; sourceTree = "<group>"; };
		09DA24EC2B73AD240092F537 /* UILabel+Extension.swift */ = {isa = PBXFileReference; lastKnownFileType = sourcecode.swift; path = "UILabel+Extension.swift"; sourceTree = "<group>"; };
		09DA24EE2B73B3DB0092F537 /* NameSettingViewController.swift */ = {isa = PBXFileReference; lastKnownFileType = sourcecode.swift; path = NameSettingViewController.swift; sourceTree = "<group>"; };
		09DA24F02B73B3F00092F537 /* NameSettingView.swift */ = {isa = PBXFileReference; lastKnownFileType = sourcecode.swift; path = NameSettingView.swift; sourceTree = "<group>"; };
		09DA24F22B73B98D0092F537 /* UITextField+Extension.swift */ = {isa = PBXFileReference; lastKnownFileType = sourcecode.swift; path = "UITextField+Extension.swift"; sourceTree = "<group>"; };
		09DA24FA2B73D09B0092F537 /* UserDefaultsManager.swift */ = {isa = PBXFileReference; lastKnownFileType = sourcecode.swift; path = UserDefaultsManager.swift; sourceTree = "<group>"; };
/* End PBXFileReference section */

/* Begin PBXFrameworksBuildPhase section */
		09DA236B2B68DBB60092F537 /* Frameworks */ = {
			isa = PBXFrameworksBuildPhase;
			buildActionMask = 2147483647;
			files = (
				09DA23902B68DC9A0092F537 /* SnapKit in Frameworks */,
				09DA238A2B68DC8E0092F537 /* Kingfisher in Frameworks */,
				09DA238D2B68DC940092F537 /* Alamofire in Frameworks */,
				09DA23922B68DC9A0092F537 /* SnapKit-Dynamic in Frameworks */,
			);
			runOnlyForDeploymentPostprocessing = 0;
		};
/* End PBXFrameworksBuildPhase section */

/* Begin PBXGroup section */
		09330C702B75EE0D0024EF80 /* TMDB */ = {
			isa = PBXGroup;
			children = (
				09DA23F62B6B68590092F537 /* TVAPI.swift */,
				09DA239E2B68E3AE0092F537 /* TVAPIManager.swift */,
				09DA24102B71E3BE0092F537 /* TVSessionManager.swift */,
				09DA23A42B68EDDB0092F537 /* TVModel.swift */,
				09DA23CB2B6A3C3A0092F537 /* SeriesDetailsModel.swift */,
				09DA23CD2B6A3EE20092F537 /* AggregateCreditsModel.swift */,
			);
			path = TMDB;
			sourceTree = "<group>";
		};
		09330C722B75EE380024EF80 /* Naver */ = {
			isa = PBXGroup;
			children = (
				09330C732B75EEA60024EF80 /* ImageModel.swift */,
				09330C752B75EF020024EF80 /* ImageSessionManager.swift */,
				09330C7C2B7601FB0024EF80 /* ImageAPIManager.swift */,
			);
			path = Naver;
			sourceTree = "<group>";
		};
		09DA23652B68DBB60092F537 = {
			isa = PBXGroup;
			children = (
				09DA23982B68E1720092F537 /* .gitignore */,
				09DA23702B68DBB60092F537 /* AssignmentMedia */,
				09DA236F2B68DBB60092F537 /* Products */,
			);
			sourceTree = "<group>";
		};
		09DA236F2B68DBB60092F537 /* Products */ = {
			isa = PBXGroup;
			children = (
				09DA236E2B68DBB60092F537 /* AssignmentMedia.app */,
			);
			name = Products;
			sourceTree = "<group>";
		};
		09DA23702B68DBB60092F537 /* AssignmentMedia */ = {
			isa = PBXGroup;
			children = (
				09DA24F72B73D0680092F537 /* UserDefaultsManager */,
				09DA23C82B6A1E5D0092F537 /* CustomView */,
				09DA23BA2B6A16E60092F537 /* Base */,
				09DA23972B68E1350092F537 /* Network */,
				09DA23852B68DBC00092F537 /* TV */,
				09DA23D32B6A62330092F537 /* DesignSystem */,
				09DA23C52B6A1D700092F537 /* Extension */,
				09DA23712B68DBB60092F537 /* AppDelegate.swift */,
				09DA23732B68DBB60092F537 /* SceneDelegate.swift */,
				09DA23752B68DBB60092F537 /* ViewController.swift */,
				09DA23772B68DBB60092F537 /* Main.storyboard */,
				09DA237A2B68DBB70092F537 /* Assets.xcassets */,
				09DA237C2B68DBB70092F537 /* LaunchScreen.storyboard */,
				09DA237F2B68DBB70092F537 /* Info.plist */,
			);
			path = AssignmentMedia;
			sourceTree = "<group>";
		};
		09DA23852B68DBC00092F537 /* TV */ = {
			isa = PBXGroup;
			children = (
				09DA24052B6CCBD50092F537 /* Home */,
				09DA24062B6CCBE20092F537 /* Detail */,
				09DA24072B6F9D750092F537 /* Search */,
				09DA24E32B737D560092F537 /* Profile */,
				09DA23F82B6BC4C00092F537 /* Cell */,
			);
			path = TV;
			sourceTree = "<group>";
		};
		09DA23972B68E1350092F537 /* Network */ = {
			isa = PBXGroup;
			children = (
				09DA239A2B68E1AC0092F537 /* APIKey.swift */,
				09330C722B75EE380024EF80 /* Naver */,
				09330C702B75EE0D0024EF80 /* TMDB */,
			);
			path = Network;
			sourceTree = "<group>";
		};
		09DA23BA2B6A16E60092F537 /* Base */ = {
			isa = PBXGroup;
			children = (
				09DA23EE2B6B397E0092F537 /* BaseView.swift */,
				09DA23BB2B6A16F00092F537 /* BaseViewController.swift */,
				09DA23C32B6A1BE00092F537 /* BaseTableViewCell.swift */,
				09DA23CF2B6A61060092F537 /* BaseCollectionViewCell.swift */,
			);
			path = Base;
			sourceTree = "<group>";
		};
		09DA23C52B6A1D700092F537 /* Extension */ = {
			isa = PBXGroup;
			children = (
				09DA23C62B6A1D920092F537 /* UIButton.Configuration+Extension.swift */,
				09DA23E62B6A6BEC0092F537 /* UIView+Extension.swift */,
				09DA24EC2B73AD240092F537 /* UILabel+Extension.swift */,
				09DA24F22B73B98D0092F537 /* UITextField+Extension.swift */,
			);
			path = Extension;
			sourceTree = "<group>";
		};
		09DA23C82B6A1E5D0092F537 /* CustomView */ = {
			isa = PBXGroup;
			children = (
				09DA23D12B6A61510092F537 /* PosterImageView.swift */,
				096C72162B765599002CA882 /* ProfileImageView.swift */,
				09330C772B75F3B40024EF80 /* BasicLabel.swift */,
			);
			path = CustomView;
			sourceTree = "<group>";
		};
		09DA23D32B6A62330092F537 /* DesignSystem */ = {
			isa = PBXGroup;
			children = (
				09DA23D42B6A62450092F537 /* FontStyle.swift */,
				09DA23D62B6A63710092F537 /* ColorStyle.swift */,
			);
			path = DesignSystem;
			sourceTree = "<group>";
		};
		09DA23F82B6BC4C00092F537 /* Cell */ = {
			isa = PBXGroup;
			children = (
				09DA23AA2B69557B0092F537 /* MainTableViewCell.swift */,
				09DA23F92B6BC5170092F537 /* MainCollectionViewCell.swift */,
				09DA23932B68DD660092F537 /* BasicTableViewCell.swift */,
				09DA23952B68E02C0092F537 /* BasicCollectionViewCell.swift */,
				09DA23FD2B6BDBE00092F537 /* TopTableViewCell.swift */,
				09DA23FB2B6BD6B20092F537 /* TopCollectionViewCell.swift */,
				09DA23BD2B6A19A90092F537 /* MainInfoTableViewCell.swift */,
				09DA23BF2B6A19B30092F537 /* SubInfoTableViewCell.swift */,
				09DA24E82B7382210092F537 /* ProfileImageTableViewCell.swift */,
				09DA24EA2B73822B0092F537 /* ProfileInfoTableViewCell.swift */,
			);
			path = Cell;
			sourceTree = "<group>";
		};
		09DA24052B6CCBD50092F537 /* Home */ = {
			isa = PBXGroup;
			children = (
				09DA23F02B6B57A10092F537 /* HomeView.swift */,
				09DA23862B68DC120092F537 /* HomeViewController.swift */,
			);
			path = Home;
			sourceTree = "<group>";
		};
		09DA24062B6CCBE20092F537 /* Detail */ = {
			isa = PBXGroup;
			children = (
				09DA23F22B6B57B60092F537 /* DetailView.swift */,
				09DA23B82B6A16DC0092F537 /* DetailViewController.swift */,
			);
			path = Detail;
			sourceTree = "<group>";
		};
		09DA24072B6F9D750092F537 /* Search */ = {
			isa = PBXGroup;
			children = (
				09DA24082B6F9D950092F537 /* SearchView.swift */,
				09DA240A2B6F9DA50092F537 /* SearchViewController.swift */,
			);
			path = Search;
			sourceTree = "<group>";
		};
		09DA24E32B737D560092F537 /* Profile */ = {
			isa = PBXGroup;
			children = (
				09DA24E42B737D650092F537 /* ProfileView.swift */,
				09DA24E62B737D730092F537 /* ProfileViewController.swift */,
				09DA24F02B73B3F00092F537 /* NameSettingView.swift */,
				09DA24EE2B73B3DB0092F537 /* NameSettingViewController.swift */,
				09330C692B75EA550024EF80 /* ProfileImageSettingView.swift */,
				09330C6B2B75EA5D0024EF80 /* ProfileImageSettingViewController.swift */,
			);
			path = Profile;
			sourceTree = "<group>";
		};
		09DA24F72B73D0680092F537 /* UserDefaultsManager */ = {
			isa = PBXGroup;
			children = (
				09DA24FA2B73D09B0092F537 /* UserDefaultsManager.swift */,
			);
			path = UserDefaultsManager;
			sourceTree = "<group>";
		};
/* End PBXGroup section */

/* Begin PBXNativeTarget section */
		09DA236D2B68DBB60092F537 /* AssignmentMedia */ = {
			isa = PBXNativeTarget;
			buildConfigurationList = 09DA23822B68DBB70092F537 /* Build configuration list for PBXNativeTarget "AssignmentMedia" */;
			buildPhases = (
				09DA236A2B68DBB60092F537 /* Sources */,
				09DA236B2B68DBB60092F537 /* Frameworks */,
				09DA236C2B68DBB60092F537 /* Resources */,
			);
			buildRules = (
			);
			dependencies = (
			);
			name = AssignmentMedia;
			packageProductDependencies = (
				09DA23892B68DC8E0092F537 /* Kingfisher */,
				09DA238C2B68DC940092F537 /* Alamofire */,
				09DA238F2B68DC9A0092F537 /* SnapKit */,
				09DA23912B68DC9A0092F537 /* SnapKit-Dynamic */,
			);
			productName = AssignmentMedia;
			productReference = 09DA236E2B68DBB60092F537 /* AssignmentMedia.app */;
			productType = "com.apple.product-type.application";
		};
/* End PBXNativeTarget section */

/* Begin PBXProject section */
		09DA23662B68DBB60092F537 /* Project object */ = {
			isa = PBXProject;
			attributes = {
				BuildIndependentTargetsInParallel = 1;
				LastSwiftUpdateCheck = 1510;
				LastUpgradeCheck = 1510;
				TargetAttributes = {
					09DA236D2B68DBB60092F537 = {
						CreatedOnToolsVersion = 15.1;
					};
				};
			};
			buildConfigurationList = 09DA23692B68DBB60092F537 /* Build configuration list for PBXProject "AssignmentMedia" */;
			compatibilityVersion = "Xcode 14.0";
			developmentRegion = en;
			hasScannedForEncodings = 0;
			knownRegions = (
				en,
				Base,
			);
			mainGroup = 09DA23652B68DBB60092F537;
			packageReferences = (
				09DA23882B68DC8E0092F537 /* XCRemoteSwiftPackageReference "Kingfisher" */,
				09DA238B2B68DC940092F537 /* XCRemoteSwiftPackageReference "Alamofire" */,
				09DA238E2B68DC9A0092F537 /* XCRemoteSwiftPackageReference "SnapKit" */,
			);
			productRefGroup = 09DA236F2B68DBB60092F537 /* Products */;
			projectDirPath = "";
			projectRoot = "";
			targets = (
				09DA236D2B68DBB60092F537 /* AssignmentMedia */,
			);
		};
/* End PBXProject section */

/* Begin PBXResourcesBuildPhase section */
		09DA236C2B68DBB60092F537 /* Resources */ = {
			isa = PBXResourcesBuildPhase;
			buildActionMask = 2147483647;
			files = (
				09DA23992B68E1720092F537 /* .gitignore in Resources */,
				09DA237E2B68DBB70092F537 /* LaunchScreen.storyboard in Resources */,
				09DA237B2B68DBB70092F537 /* Assets.xcassets in Resources */,
				09DA23792B68DBB60092F537 /* Main.storyboard in Resources */,
			);
			runOnlyForDeploymentPostprocessing = 0;
		};
/* End PBXResourcesBuildPhase section */

/* Begin PBXSourcesBuildPhase section */
		09DA236A2B68DBB60092F537 /* Sources */ = {
			isa = PBXSourcesBuildPhase;
			buildActionMask = 2147483647;
			files = (
				09DA23FC2B6BD6B20092F537 /* TopCollectionViewCell.swift in Sources */,
				096C72172B765599002CA882 /* ProfileImageView.swift in Sources */,
				09DA24E52B737D650092F537 /* ProfileView.swift in Sources */,
				09DA23EF2B6B397E0092F537 /* BaseView.swift in Sources */,
				09DA23C42B6A1BE00092F537 /* BaseTableViewCell.swift in Sources */,
				09DA24E92B7382210092F537 /* ProfileImageTableViewCell.swift in Sources */,
				09330C6A2B75EA550024EF80 /* ProfileImageSettingView.swift in Sources */,
				09DA24112B71E3BE0092F537 /* TVSessionManager.swift in Sources */,
				09DA23762B68DBB60092F537 /* ViewController.swift in Sources */,
				09DA239B2B68E1AC0092F537 /* APIKey.swift in Sources */,
				09330C742B75EEA60024EF80 /* ImageModel.swift in Sources */,
				09DA23FE2B6BDBE00092F537 /* TopTableViewCell.swift in Sources */,
				09DA23D72B6A63710092F537 /* ColorStyle.swift in Sources */,
				09DA24ED2B73AD240092F537 /* UILabel+Extension.swift in Sources */,
				09DA24FB2B73D09B0092F537 /* UserDefaultsManager.swift in Sources */,
				09330C782B75F3B40024EF80 /* BasicLabel.swift in Sources */,
				09DA23722B68DBB60092F537 /* AppDelegate.swift in Sources */,
				09DA23942B68DD660092F537 /* BasicTableViewCell.swift in Sources */,
				09DA23CC2B6A3C3A0092F537 /* SeriesDetailsModel.swift in Sources */,
				09DA23C02B6A19B30092F537 /* SubInfoTableViewCell.swift in Sources */,
				09DA23F72B6B68590092F537 /* TVAPI.swift in Sources */,
				09DA239F2B68E3AE0092F537 /* TVAPIManager.swift in Sources */,
				09DA24F32B73B98D0092F537 /* UITextField+Extension.swift in Sources */,
				09330C6C2B75EA5D0024EF80 /* ProfileImageSettingViewController.swift in Sources */,
				09330C7D2B7601FB0024EF80 /* ImageAPIManager.swift in Sources */,
				09DA23BC2B6A16F00092F537 /* BaseViewController.swift in Sources */,
				09DA23CE2B6A3EE20092F537 /* AggregateCreditsModel.swift in Sources */,
				09DA24EB2B73822B0092F537 /* ProfileInfoTableViewCell.swift in Sources */,
				09DA24F12B73B3F00092F537 /* NameSettingView.swift in Sources */,
				09DA23D02B6A61060092F537 /* BaseCollectionViewCell.swift in Sources */,
				09330C762B75EF020024EF80 /* ImageSessionManager.swift in Sources */,
				09DA24E72B737D730092F537 /* ProfileViewController.swift in Sources */,
				09DA23F32B6B57B60092F537 /* DetailView.swift in Sources */,
				09DA23872B68DC120092F537 /* HomeViewController.swift in Sources */,
				09DA24EF2B73B3DB0092F537 /* NameSettingViewController.swift in Sources */,
				09DA23962B68E02C0092F537 /* BasicCollectionViewCell.swift in Sources */,
				09DA23A52B68EDDB0092F537 /* TVModel.swift in Sources */,
				09DA23C72B6A1D920092F537 /* UIButton.Configuration+Extension.swift in Sources */,
				09DA23FA2B6BC5170092F537 /* MainCollectionViewCell.swift in Sources */,
				09DA240B2B6F9DA50092F537 /* SearchViewController.swift in Sources */,
				09DA23B92B6A16DC0092F537 /* DetailViewController.swift in Sources */,
				09DA24092B6F9D950092F537 /* SearchView.swift in Sources */,
				09DA23E72B6A6BEC0092F537 /* UIView+Extension.swift in Sources */,
				09DA23F12B6B57A10092F537 /* HomeView.swift in Sources */,
				09DA23AB2B69557B0092F537 /* MainTableViewCell.swift in Sources */,
				09DA23742B68DBB60092F537 /* SceneDelegate.swift in Sources */,
				09DA23BE2B6A19A90092F537 /* MainInfoTableViewCell.swift in Sources */,
				09DA23D22B6A61510092F537 /* PosterImageView.swift in Sources */,
				09DA23D52B6A62450092F537 /* FontStyle.swift in Sources */,
			);
			runOnlyForDeploymentPostprocessing = 0;
		};
/* End PBXSourcesBuildPhase section */

/* Begin PBXVariantGroup section */
		09DA23772B68DBB60092F537 /* Main.storyboard */ = {
			isa = PBXVariantGroup;
			children = (
				09DA23782B68DBB60092F537 /* Base */,
			);
			name = Main.storyboard;
			sourceTree = "<group>";
		};
		09DA237C2B68DBB70092F537 /* LaunchScreen.storyboard */ = {
			isa = PBXVariantGroup;
			children = (
				09DA237D2B68DBB70092F537 /* Base */,
			);
			name = LaunchScreen.storyboard;
			sourceTree = "<group>";
		};
/* End PBXVariantGroup section */

/* Begin XCBuildConfiguration section */
		09DA23802B68DBB70092F537 /* Debug */ = {
			isa = XCBuildConfiguration;
			buildSettings = {
				ALWAYS_SEARCH_USER_PATHS = NO;
				ASSETCATALOG_COMPILER_GENERATE_SWIFT_ASSET_SYMBOL_EXTENSIONS = YES;
				CLANG_ANALYZER_NONNULL = YES;
				CLANG_ANALYZER_NUMBER_OBJECT_CONVERSION = YES_AGGRESSIVE;
				CLANG_CXX_LANGUAGE_STANDARD = "gnu++20";
				CLANG_ENABLE_MODULES = YES;
				CLANG_ENABLE_OBJC_ARC = YES;
				CLANG_ENABLE_OBJC_WEAK = YES;
				CLANG_WARN_BLOCK_CAPTURE_AUTORELEASING = YES;
				CLANG_WARN_BOOL_CONVERSION = YES;
				CLANG_WARN_COMMA = YES;
				CLANG_WARN_CONSTANT_CONVERSION = YES;
				CLANG_WARN_DEPRECATED_OBJC_IMPLEMENTATIONS = YES;
				CLANG_WARN_DIRECT_OBJC_ISA_USAGE = YES_ERROR;
				CLANG_WARN_DOCUMENTATION_COMMENTS = YES;
				CLANG_WARN_EMPTY_BODY = YES;
				CLANG_WARN_ENUM_CONVERSION = YES;
				CLANG_WARN_INFINITE_RECURSION = YES;
				CLANG_WARN_INT_CONVERSION = YES;
				CLANG_WARN_NON_LITERAL_NULL_CONVERSION = YES;
				CLANG_WARN_OBJC_IMPLICIT_RETAIN_SELF = YES;
				CLANG_WARN_OBJC_LITERAL_CONVERSION = YES;
				CLANG_WARN_OBJC_ROOT_CLASS = YES_ERROR;
				CLANG_WARN_QUOTED_INCLUDE_IN_FRAMEWORK_HEADER = YES;
				CLANG_WARN_RANGE_LOOP_ANALYSIS = YES;
				CLANG_WARN_STRICT_PROTOTYPES = YES;
				CLANG_WARN_SUSPICIOUS_MOVE = YES;
				CLANG_WARN_UNGUARDED_AVAILABILITY = YES_AGGRESSIVE;
				CLANG_WARN_UNREACHABLE_CODE = YES;
				CLANG_WARN__DUPLICATE_METHOD_MATCH = YES;
				COPY_PHASE_STRIP = NO;
				DEBUG_INFORMATION_FORMAT = dwarf;
				ENABLE_STRICT_OBJC_MSGSEND = YES;
				ENABLE_TESTABILITY = YES;
				ENABLE_USER_SCRIPT_SANDBOXING = YES;
				GCC_C_LANGUAGE_STANDARD = gnu17;
				GCC_DYNAMIC_NO_PIC = NO;
				GCC_NO_COMMON_BLOCKS = YES;
				GCC_OPTIMIZATION_LEVEL = 0;
				GCC_PREPROCESSOR_DEFINITIONS = (
					"DEBUG=1",
					"$(inherited)",
				);
				GCC_WARN_64_TO_32_BIT_CONVERSION = YES;
				GCC_WARN_ABOUT_RETURN_TYPE = YES_ERROR;
				GCC_WARN_UNDECLARED_SELECTOR = YES;
				GCC_WARN_UNINITIALIZED_AUTOS = YES_AGGRESSIVE;
				GCC_WARN_UNUSED_FUNCTION = YES;
				GCC_WARN_UNUSED_VARIABLE = YES;
				IPHONEOS_DEPLOYMENT_TARGET = 17.2;
				LOCALIZATION_PREFERS_STRING_CATALOGS = YES;
				MTL_ENABLE_DEBUG_INFO = INCLUDE_SOURCE;
				MTL_FAST_MATH = YES;
				ONLY_ACTIVE_ARCH = YES;
				SDKROOT = iphoneos;
				SWIFT_ACTIVE_COMPILATION_CONDITIONS = "DEBUG $(inherited)";
				SWIFT_OPTIMIZATION_LEVEL = "-Onone";
			};
			name = Debug;
		};
		09DA23812B68DBB70092F537 /* Release */ = {
			isa = XCBuildConfiguration;
			buildSettings = {
				ALWAYS_SEARCH_USER_PATHS = NO;
				ASSETCATALOG_COMPILER_GENERATE_SWIFT_ASSET_SYMBOL_EXTENSIONS = YES;
				CLANG_ANALYZER_NONNULL = YES;
				CLANG_ANALYZER_NUMBER_OBJECT_CONVERSION = YES_AGGRESSIVE;
				CLANG_CXX_LANGUAGE_STANDARD = "gnu++20";
				CLANG_ENABLE_MODULES = YES;
				CLANG_ENABLE_OBJC_ARC = YES;
				CLANG_ENABLE_OBJC_WEAK = YES;
				CLANG_WARN_BLOCK_CAPTURE_AUTORELEASING = YES;
				CLANG_WARN_BOOL_CONVERSION = YES;
				CLANG_WARN_COMMA = YES;
				CLANG_WARN_CONSTANT_CONVERSION = YES;
				CLANG_WARN_DEPRECATED_OBJC_IMPLEMENTATIONS = YES;
				CLANG_WARN_DIRECT_OBJC_ISA_USAGE = YES_ERROR;
				CLANG_WARN_DOCUMENTATION_COMMENTS = YES;
				CLANG_WARN_EMPTY_BODY = YES;
				CLANG_WARN_ENUM_CONVERSION = YES;
				CLANG_WARN_INFINITE_RECURSION = YES;
				CLANG_WARN_INT_CONVERSION = YES;
				CLANG_WARN_NON_LITERAL_NULL_CONVERSION = YES;
				CLANG_WARN_OBJC_IMPLICIT_RETAIN_SELF = YES;
				CLANG_WARN_OBJC_LITERAL_CONVERSION = YES;
				CLANG_WARN_OBJC_ROOT_CLASS = YES_ERROR;
				CLANG_WARN_QUOTED_INCLUDE_IN_FRAMEWORK_HEADER = YES;
				CLANG_WARN_RANGE_LOOP_ANALYSIS = YES;
				CLANG_WARN_STRICT_PROTOTYPES = YES;
				CLANG_WARN_SUSPICIOUS_MOVE = YES;
				CLANG_WARN_UNGUARDED_AVAILABILITY = YES_AGGRESSIVE;
				CLANG_WARN_UNREACHABLE_CODE = YES;
				CLANG_WARN__DUPLICATE_METHOD_MATCH = YES;
				COPY_PHASE_STRIP = NO;
				DEBUG_INFORMATION_FORMAT = "dwarf-with-dsym";
				ENABLE_NS_ASSERTIONS = NO;
				ENABLE_STRICT_OBJC_MSGSEND = YES;
				ENABLE_USER_SCRIPT_SANDBOXING = YES;
				GCC_C_LANGUAGE_STANDARD = gnu17;
				GCC_NO_COMMON_BLOCKS = YES;
				GCC_WARN_64_TO_32_BIT_CONVERSION = YES;
				GCC_WARN_ABOUT_RETURN_TYPE = YES_ERROR;
				GCC_WARN_UNDECLARED_SELECTOR = YES;
				GCC_WARN_UNINITIALIZED_AUTOS = YES_AGGRESSIVE;
				GCC_WARN_UNUSED_FUNCTION = YES;
				GCC_WARN_UNUSED_VARIABLE = YES;
				IPHONEOS_DEPLOYMENT_TARGET = 17.2;
				LOCALIZATION_PREFERS_STRING_CATALOGS = YES;
				MTL_ENABLE_DEBUG_INFO = NO;
				MTL_FAST_MATH = YES;
				SDKROOT = iphoneos;
				SWIFT_COMPILATION_MODE = wholemodule;
				VALIDATE_PRODUCT = YES;
			};
			name = Release;
		};
		09DA23832B68DBB70092F537 /* Debug */ = {
			isa = XCBuildConfiguration;
			buildSettings = {
				ASSETCATALOG_COMPILER_APPICON_NAME = AppIcon;
				ASSETCATALOG_COMPILER_GLOBAL_ACCENT_COLOR_NAME = AccentColor;
				CODE_SIGN_STYLE = Automatic;
				CURRENT_PROJECT_VERSION = 1;
				GENERATE_INFOPLIST_FILE = YES;
				INFOPLIST_FILE = AssignmentMedia/Info.plist;
				INFOPLIST_KEY_UIApplicationSupportsIndirectInputEvents = YES;
				INFOPLIST_KEY_UILaunchStoryboardName = LaunchScreen;
				INFOPLIST_KEY_UIMainStoryboardFile = Main;
				INFOPLIST_KEY_UISupportedInterfaceOrientations_iPad = "UIInterfaceOrientationPortrait UIInterfaceOrientationPortraitUpsideDown UIInterfaceOrientationLandscapeLeft UIInterfaceOrientationLandscapeRight";
				INFOPLIST_KEY_UISupportedInterfaceOrientations_iPhone = "UIInterfaceOrientationPortrait UIInterfaceOrientationLandscapeLeft UIInterfaceOrientationLandscapeRight";
				LD_RUNPATH_SEARCH_PATHS = (
					"$(inherited)",
					"@executable_path/Frameworks",
				);
				MARKETING_VERSION = 1.0;
				PRODUCT_BUNDLE_IDENTIFIER = com.j.AssignmentMedia;
				PRODUCT_NAME = "$(TARGET_NAME)";
				SWIFT_EMIT_LOC_STRINGS = YES;
				SWIFT_VERSION = 5.0;
				TARGETED_DEVICE_FAMILY = "1,2";
			};
			name = Debug;
		};
		09DA23842B68DBB70092F537 /* Release */ = {
			isa = XCBuildConfiguration;
			buildSettings = {
				ASSETCATALOG_COMPILER_APPICON_NAME = AppIcon;
				ASSETCATALOG_COMPILER_GLOBAL_ACCENT_COLOR_NAME = AccentColor;
				CODE_SIGN_STYLE = Automatic;
				CURRENT_PROJECT_VERSION = 1;
				GENERATE_INFOPLIST_FILE = YES;
				INFOPLIST_FILE = AssignmentMedia/Info.plist;
				INFOPLIST_KEY_UIApplicationSupportsIndirectInputEvents = YES;
				INFOPLIST_KEY_UILaunchStoryboardName = LaunchScreen;
				INFOPLIST_KEY_UIMainStoryboardFile = Main;
				INFOPLIST_KEY_UISupportedInterfaceOrientations_iPad = "UIInterfaceOrientationPortrait UIInterfaceOrientationPortraitUpsideDown UIInterfaceOrientationLandscapeLeft UIInterfaceOrientationLandscapeRight";
				INFOPLIST_KEY_UISupportedInterfaceOrientations_iPhone = "UIInterfaceOrientationPortrait UIInterfaceOrientationLandscapeLeft UIInterfaceOrientationLandscapeRight";
				LD_RUNPATH_SEARCH_PATHS = (
					"$(inherited)",
					"@executable_path/Frameworks",
				);
				MARKETING_VERSION = 1.0;
				PRODUCT_BUNDLE_IDENTIFIER = com.j.AssignmentMedia;
				PRODUCT_NAME = "$(TARGET_NAME)";
				SWIFT_EMIT_LOC_STRINGS = YES;
				SWIFT_VERSION = 5.0;
				TARGETED_DEVICE_FAMILY = "1,2";
			};
			name = Release;
		};
/* End XCBuildConfiguration section */

/* Begin XCConfigurationList section */
		09DA23692B68DBB60092F537 /* Build configuration list for PBXProject "AssignmentMedia" */ = {
			isa = XCConfigurationList;
			buildConfigurations = (
				09DA23802B68DBB70092F537 /* Debug */,
				09DA23812B68DBB70092F537 /* Release */,
			);
			defaultConfigurationIsVisible = 0;
			defaultConfigurationName = Release;
		};
		09DA23822B68DBB70092F537 /* Build configuration list for PBXNativeTarget "AssignmentMedia" */ = {
			isa = XCConfigurationList;
			buildConfigurations = (
				09DA23832B68DBB70092F537 /* Debug */,
				09DA23842B68DBB70092F537 /* Release */,
			);
			defaultConfigurationIsVisible = 0;
			defaultConfigurationName = Release;
		};
/* End XCConfigurationList section */

/* Begin XCRemoteSwiftPackageReference section */
		09DA23882B68DC8E0092F537 /* XCRemoteSwiftPackageReference "Kingfisher" */ = {
			isa = XCRemoteSwiftPackageReference;
			repositoryURL = "https://github.com/onevcat/Kingfisher.git";
			requirement = {
				kind = upToNextMajorVersion;
				minimumVersion = 7.10.2;
			};
		};
		09DA238B2B68DC940092F537 /* XCRemoteSwiftPackageReference "Alamofire" */ = {
			isa = XCRemoteSwiftPackageReference;
			repositoryURL = "https://github.com/Alamofire/Alamofire.git";
			requirement = {
				kind = upToNextMajorVersion;
				minimumVersion = 5.8.1;
			};
		};
		09DA238E2B68DC9A0092F537 /* XCRemoteSwiftPackageReference "SnapKit" */ = {
			isa = XCRemoteSwiftPackageReference;
			repositoryURL = "https://github.com/SnapKit/SnapKit.git";
			requirement = {
				kind = upToNextMajorVersion;
				minimumVersion = 5.7.0;
			};
		};
/* End XCRemoteSwiftPackageReference section */

/* Begin XCSwiftPackageProductDependency section */
		09DA23892B68DC8E0092F537 /* Kingfisher */ = {
			isa = XCSwiftPackageProductDependency;
			package = 09DA23882B68DC8E0092F537 /* XCRemoteSwiftPackageReference "Kingfisher" */;
			productName = Kingfisher;
		};
		09DA238C2B68DC940092F537 /* Alamofire */ = {
			isa = XCSwiftPackageProductDependency;
			package = 09DA238B2B68DC940092F537 /* XCRemoteSwiftPackageReference "Alamofire" */;
			productName = Alamofire;
		};
		09DA238F2B68DC9A0092F537 /* SnapKit */ = {
			isa = XCSwiftPackageProductDependency;
			package = 09DA238E2B68DC9A0092F537 /* XCRemoteSwiftPackageReference "SnapKit" */;
			productName = SnapKit;
		};
		09DA23912B68DC9A0092F537 /* SnapKit-Dynamic */ = {
			isa = XCSwiftPackageProductDependency;
			package = 09DA238E2B68DC9A0092F537 /* XCRemoteSwiftPackageReference "SnapKit" */;
			productName = "SnapKit-Dynamic";
		};
/* End XCSwiftPackageProductDependency section */
	};
	rootObject = 09DA23662B68DBB60092F537 /* Project object */;
}
